github.com/xDarkicex/relux v0.0.0-20250831050317-0b3b078d824c h1:9/48sZ3UkpxQEGdRSXkjd/UDz9UfqHRswgFrZ6nR/Mo=
github.com/xDarkicex/relux v0.0.0-20250831050317-0b3b078d824c/go.mod h1:O4ERnTrtyR88Sq6iPvWBwU1LK1xv83NB71RG9rUYXOg=
github.com/xDarkicex/rnxa v1.0.0 h1:zQ9Dys/ZewqrN6iO0+JbY8IHNVY5giu6GZ2QzLiMsLA=
github.com/xDarkicex/rnxa v1.0.0/go.mod h1:kRIDgg1Ude3GE0JCFHLibbxioPgzG932Nk1czPacJvY=
